<?xml version="1.0" encoding="utf-8"?>
<Project ToolsVersion="4.0" xmlns="http://schemas.microsoft.com/developer/msbuild/2003">
  <ItemGroup>
    <Filter Include="Source Files">
      <UniqueIdentifier>{4FC737F1-C7A5-4376-A066-2A32D752A2FF}</UniqueIdentifier>
      <Extensions>cpp;c;cc;cxx;c++;cppm;ixx;def;odl;idl;hpj;bat;asm;asmx</Extensions>
    </Filter>
    <Filter Include="Header Files">
      <UniqueIdentifier>{93995380-89BD-4b04-88EB-625FBE52EBFB}</UniqueIdentifier>
      <Extensions>h;hh;hpp;hxx;h++;hm;inl;inc;ipp;xsd</Extensions>
    </Filter>
    <Filter Include="Resource Files">
      <UniqueIdentifier>{67DA6AB6-F800-4c08-8B7A-83BB121AAD01}</UniqueIdentifier>
      <Extensions>rc;ico;cur;bmp;dlg;rc2;rct;bin;rgs;gif;jpg;jpeg;jpe;resx;tiff;tif;png;wav;mfcribbon-ms</Extensions>
    </Filter>
  </ItemGroup>
  <ItemGroup>
    <ClCompile Include="lib\tigl\tigl.cpp">
      <Filter>Source Files</Filter>
    </ClCompile>
    <ClCompile Include="Util\FiloIO.cpp">
      <Filter>Source Files</Filter>
    </ClCompile>
    <ClCompile Include="Util\JSONParser.cpp">
      <Filter>Source Files</Filter>
    </ClCompile>
    <ClCompile Include="GameObject.cpp">
      <Filter>Source Files</Filter>
    </ClCompile>
    <ClCompile Include="CardScanning\ArucoVision.cpp">
      <Filter>Source Files</Filter>
    </ClCompile>
    <ClCompile Include="CardScanning\ArucoHandler.cpp">
      <Filter>Source Files</Filter>
    </ClCompile>
    <ClCompile Include="CamistryVision.cpp">
      <Filter>Source Files</Filter>
    </ClCompile>
    <ClCompile Include="Components\AtomComponent.cpp">
      <Filter>Source Files</Filter>
    </ClCompile>
    <ClCompile Include="Components\CardComponent.cpp">
      <Filter>Source Files</Filter>
    </ClCompile>
    <ClCompile Include="Components\DrawComponent.cpp">
      <Filter>Source Files</Filter>
    </ClCompile>
    <ClCompile Include="Components\ElectronComponent.cpp">
      <Filter>Source Files</Filter>
    </ClCompile>
    <ClCompile Include="Components\MergeComponent.cpp">
      <Filter>Source Files</Filter>
    </ClCompile>
    <ClCompile Include="Components\MoleculeComponent.cpp">
      <Filter>Source Files</Filter>
    </ClCompile>
    <ClCompile Include="Components\RotationComponent.cpp">
      <Filter>Source Files</Filter>
    </ClCompile>
    <ClCompile Include="Components\SplitComponent.cpp">
      <Filter>Source Files</Filter>
    </ClCompile>
    <ClCompile Include="Components\SubstanceComponent.cpp">
      <Filter>Source Files</Filter>
    </ClCompile>
    <ClCompile Include="Handlers\DataHandler.cpp">
      <Filter>Source Files</Filter>
    </ClCompile>
    <ClCompile Include="Handlers\ModelHandler.cpp">
      <Filter>Source Files</Filter>
    </ClCompile>
    <ClCompile Include="Handlers\SceneHandler.cpp">
      <Filter>Source Files</Filter>
    </ClCompile>
    <ClCompile Include="Data\Model\Model.cpp">
      <Filter>Source Files</Filter>
    </ClCompile>
    <ClCompile Include="Data\Model\Texture.cpp">
      <Filter>Source Files</Filter>
    </ClCompile>
    <ClCompile Include="debuging\DebugWindow.cpp">
      <Filter>Source Files</Filter>
    </ClCompile>
    <ClCompile Include="debuging\imgui\imgui.cpp">
      <Filter>Source Files</Filter>
    </ClCompile>
    <ClCompile Include="debuging\imgui\imgui_demo.cpp">
      <Filter>Source Files</Filter>
    </ClCompile>
    <ClCompile Include="debuging\imgui\imgui_draw.cpp">
      <Filter>Source Files</Filter>
    </ClCompile>
    <ClCompile Include="debuging\imgui\imgui_impl_glfw.cpp">
      <Filter>Source Files</Filter>
    </ClCompile>
    <ClCompile Include="debuging\imgui\imgui_impl_opengl3.cpp">
      <Filter>Source Files</Filter>
    </ClCompile>
    <ClCompile Include="debuging\imgui\imgui_tables.cpp">
      <Filter>Source Files</Filter>
    </ClCompile>
    <ClCompile Include="debuging\imgui\imgui_widgets.cpp">
      <Filter>Source Files</Filter>
    </ClCompile>
  </ItemGroup>
  <ItemGroup>
    <None Include="Resources\VisualCamistryJSON.json">
      <Filter>Resource Files</Filter>
    </None>
    <None Include="Resources\cam_params.yml">
      <Filter>Resource Files</Filter>
    </None>
    <None Include="OPENCV_DEBUG.props" />
    <None Include="OPENGL_DEBUG.props" />
    <None Include="..\..\..\..\..\..\..\..\Downloads\VisualCamistryJSON.json" />
  </ItemGroup>
  <ItemGroup>
    <ClInclude Include="lib\tigl\tigl.h">
      <Filter>Header Files</Filter>
    </ClInclude>
    <ClInclude Include="Util\FiloIO.h">
      <Filter>Header Files</Filter>
    </ClInclude>
    <ClInclude Include="Util\JSONParser.h">
      <Filter>Header Files</Filter>
    </ClInclude>
    <ClInclude Include="GameObject.h">
      <Filter>Header Files</Filter>
    </ClInclude>
    <ClInclude Include="Data\Matter\Matter.h">
      <Filter>Header Files</Filter>
    </ClInclude>
    <ClInclude Include="Data\Matter\Molecule.h">
      <Filter>Header Files</Filter>
    </ClInclude>
    <ClInclude Include="Data\Matter\Atom.h">
      <Filter>Header Files</Filter>
    </ClInclude>
    <ClInclude Include="CardScanning\ArucoVision.h">
      <Filter>Header Files</Filter>
    </ClInclude>
    <ClInclude Include="CardScanning\ArucoHandler.h">
      <Filter>Header Files</Filter>
    </ClInclude>
    <ClInclude Include="CardScanning\MarkerData.h">
      <Filter>Header Files</Filter>
    </ClInclude>
    <ClInclude Include="Data\Scene.h">
      <Filter>Header Files</Filter>
    </ClInclude>
    <ClInclude Include="Components\AtomComponent.h">
      <Filter>Header Files</Filter>
    </ClInclude>
    <ClInclude Include="Components\CardComponent.h">
      <Filter>Header Files</Filter>
    </ClInclude>
    <ClInclude Include="Components\DrawComponent.h">
      <Filter>Header Files</Filter>
    </ClInclude>
    <ClInclude Include="Components\ElectronComponent.h">
      <Filter>Header Files</Filter>
    </ClInclude>
    <ClInclude Include="Components\MergeComponent.h">
      <Filter>Header Files</Filter>
    </ClInclude>
    <ClInclude Include="Components\MoleculeComponent.h">
      <Filter>Header Files</Filter>
    </ClInclude>
    <ClInclude Include="Components\RotationComponent.h">
      <Filter>Header Files</Filter>
    </ClInclude>
    <ClInclude Include="Components\SplitComponent.h">
      <Filter>Header Files</Filter>
    </ClInclude>
    <ClInclude Include="Components\SubstanceComponent.h">
      <Filter>Header Files</Filter>
    </ClInclude>
    <ClInclude Include="Handlers\DataHandler.h">
      <Filter>Header Files</Filter>
    </ClInclude>
    <ClInclude Include="Handlers\ModelHandler.h">
      <Filter>Header Files</Filter>
    </ClInclude>
    <ClInclude Include="Handlers\SceneHandler.h">
      <Filter>Header Files</Filter>
    </ClInclude>
    <ClInclude Include="Data\Model\Face.h">
      <Filter>Header Files</Filter>
    </ClInclude>
    <ClInclude Include="Data\Model\Vertex.h">
      <Filter>Header Files</Filter>
    </ClInclude>
    <ClInclude Include="Data\Model\Texture.h">
      <Filter>Header Files</Filter>
    </ClInclude>
    <ClInclude Include="Data\Model\Group.h">
      <Filter>Header Files</Filter>
    </ClInclude>
    <ClInclude Include="Data\Model\Model.h">
      <Filter>Header Files</Filter>
    </ClInclude>
    <ClInclude Include="Data\Model\MatterModel.h">
      <Filter>Header Files</Filter>
    </ClInclude>
    <ClInclude Include="Components\Component.h">
      <Filter>Header Files</Filter>
    </ClInclude>
    <ClInclude Include="json.hpp">
      <Filter>Header Files</Filter>
    </ClInclude>
    <ClInclude Include="lib\stb\stb_image.h">
      <Filter>Header Files</Filter>
    </ClInclude>
    <ClInclude Include="lib\stb\stb_image_resize.h">
      <Filter>Header Files</Filter>
    </ClInclude>
    <ClInclude Include="lib\stb\stb_image_write.h">
      <Filter>Header Files</Filter>
    </ClInclude>
    <ClInclude Include="tigl.h">
      <Filter>Header Files</Filter>
    </ClInclude>
    <ClInclude Include="debuging\DebugWindow.h">
      <Filter>Header Files</Filter>
    </ClInclude>
    <ClInclude Include="debuging\imgui\imconfig.h">
      <Filter>Header Files</Filter>
    </ClInclude>
    <ClInclude Include="debuging\imgui\imgui.h">
      <Filter>Header Files</Filter>
    </ClInclude>
    <ClInclude Include="debuging\imgui\imgui_impl_glfw.h">
      <Filter>Header Files</Filter>
    </ClInclude>
    <ClInclude Include="debuging\imgui\imgui_impl_opengl3.h">
      <Filter>Header Files</Filter>
    </ClInclude>
    <ClInclude Include="debuging\imgui\imgui_impl_opengl3_loader.h">
      <Filter>Header Files</Filter>
    </ClInclude>
    <ClInclude Include="debuging\imgui\imgui_internal.h">
      <Filter>Header Files</Filter>
    </ClInclude>
    <ClInclude Include="debuging\imgui\imstb_rectpack.h">
      <Filter>Header Files</Filter>
    </ClInclude>
    <ClInclude Include="debuging\imgui\imstb_textedit.h">
      <Filter>Header Files</Filter>
    </ClInclude>
    <ClInclude Include="debuging\imgui\imstb_truetype.h">
      <Filter>Header Files</Filter>
    </ClInclude>
  </ItemGroup>
</Project>